
Microsoft Visual Studio Solution File, Format Version 12.00
# Visual Studio Version 16
VisualStudioVersion = 16.0.31229.75
MinimumVisualStudioVersion = 10.0.40219.1
Project("{FAE04EC0-301F-11D3-BF4B-00C04F79EFBC}") = "Budget", "Budget\Budget.csproj", "{FC38C662-1A0E-4DD2-8797-D61FB17A2CC8}"
EndProject
Global
	GlobalSection(SolutionConfigurationPlatforms) = preSolution
		Debug|Any CPU = Debug|Any CPU
		Release|Any CPU = Release|Any CPU
	EndGlobalSection
	GlobalSection(ProjectConfigurationPlatforms) = postSolution
		{FC38C662-1A0E-4DD2-8797-D61FB17A2CC8}.Debug|Any CPU.ActiveCfg = Debug|Any CPU
		{FC38C662-1A0E-4DD2-8797-D61FB17A2CC8}.Debug|Any CPU.Build.0 = Debug|Any CPU
		{FC38C662-1A0E-4DD2-8797-D61FB17A2CC8}.Release|Any CPU.ActiveCfg = Release|Any CPU
		{FC38C662-1A0E-4DD2-8797-D61FB17A2CC8}.Release|Any CPU.Build.0 = Release|Any CPU
	EndGlobalSection
	GlobalSection(SolutionProperties) = preSolution
		HideSolutionNode = FALSE
	EndGlobalSection
	GlobalSection(ExtensibilityGlobals) = postSolution
		SolutionGuid = {0048DA4C-4D7C-44DB-A8D4-056C52E8BAB0}
	EndGlobalSection
EndGlobal
